// !$*UTF8*$!
{
	archiveVersion = 1;
	classes = {
	};
	objectVersion = 46;
	objects = {

/* Begin PBXBuildFile section */
		28E68BED1DC107EA00D74A16 /* AppDelegate.swift in Sources */ = {isa = PBXBuildFile; fileRef = 28E68BEC1DC107EA00D74A16 /* AppDelegate.swift */; };
		28E68BEF1DC107EA00D74A16 /* ViewController.swift in Sources */ = {isa = PBXBuildFile; fileRef = 28E68BEE1DC107EA00D74A16 /* ViewController.swift */; };
		28E68BF21DC107EA00D74A16 /* Main.storyboard in Resources */ = {isa = PBXBuildFile; fileRef = 28E68BF01DC107EA00D74A16 /* Main.storyboard */; };
		28E68BF41DC107EA00D74A16 /* Assets.xcassets in Resources */ = {isa = PBXBuildFile; fileRef = 28E68BF31DC107EA00D74A16 /* Assets.xcassets */; };
		28E68BF71DC107EA00D74A16 /* LaunchScreen.storyboard in Resources */ = {isa = PBXBuildFile; fileRef = 28E68BF51DC107EA00D74A16 /* LaunchScreen.storyboard */; };
/* End PBXBuildFile section */

/* Begin PBXFileReference section */
		28E68BE91DC107EA00D74A16 /* ProgrammaticViewsWithAnimations.app */ = {isa = PBXFileReference; explicitFileType = wrapper.application; includeInIndex = 0; path = ProgrammaticViewsWithAnimations.app; sourceTree = BUILT_PRODUCTS_DIR; };
		28E68BEC1DC107EA00D74A16 /* AppDelegate.swift */ = {isa = PBXFileReference; lastKnownFileType = sourcecode.swift; path = AppDelegate.swift; sourceTree = "<group>"; };
		28E68BEE1DC107EA00D74A16 /* ViewController.swift */ = {isa = PBXFileReference; lastKnownFileType = sourcecode.swift; path = ViewController.swift; sourceTree = "<group>"; };
		28E68BF11DC107EA00D74A16 /* Base */ = {isa = PBXFileReference; lastKnownFileType = file.storyboard; name = Base; path = Base.lproj/Main.storyboard; sourceTree = "<group>"; };
		28E68BF31DC107EA00D74A16 /* Assets.xcassets */ = {isa = PBXFileReference; lastKnownFileType = folder.assetcatalog; path = Assets.xcassets; sourceTree = "<group>"; };
		28E68BF61DC107EA00D74A16 /* Base */ = {isa = PBXFileReference; lastKnownFileType = file.storyboard; name = Base; path = Base.lproj/LaunchScreen.storyboard; sourceTree = "<group>"; };
		28E68BF81DC107EA00D74A16 /* Info.plist */ = {isa = PBXFileReference; lastKnownFileType = text.plist.xml; path = Info.plist; sourceTree = "<group>"; };
/* End PBXFileReference section */

/* Begin PBXFrameworksBuildPhase section */
		28E68BE61DC107EA00D74A16 /* Frameworks */ = {
			isa = PBXFrameworksBuildPhase;
			buildActionMask = 2147483647;
			files = (
			);
			runOnlyForDeploymentPostprocessing = 0;
		};
/* End PBXFrameworksBuildPhase section */

/* Begin PBXGroup section */
		28E68BE01DC107EA00D74A16 = {
			isa = PBXGroup;
			children = (
				28E68BEB1DC107EA00D74A16 /* ProgrammaticViewsWithAnimations */,
				28E68BEA1DC107EA00D74A16 /* Products */,
			);
			sourceTree = "<group>";
		};
		28E68BEA1DC107EA00D74A16 /* Products */ = {
			isa = PBXGroup;
			children = (
				28E68BE91DC107EA00D74A16 /* ProgrammaticViewsWithAnimations.app */,
			);
			name = Products;
			sourceTree = "<group>";
		};
		28E68BEB1DC107EA00D74A16 /* ProgrammaticViewsWithAnimations */ = {
			isa = PBXGroup;
			children = (
				28E68BEC1DC107EA00D74A16 /* AppDelegate.swift */,
				28E68BEE1DC107EA00D74A16 /* ViewController.swift */,
				28E68BF01DC107EA00D74A16 /* Main.storyboard */,
				28E68BF31DC107EA00D74A16 /* Assets.xcassets */,
				28E68BF51DC107EA00D74A16 /* LaunchScreen.storyboard */,
				28E68BF81DC107EA00D74A16 /* Info.plist */,
			);
			path = ProgrammaticViewsWithAnimations;
			sourceTree = "<group>";
		};
/* End PBXGroup section */

/* Begin PBXNativeTarget section */
		28E68BE81DC107EA00D74A16 /* ProgrammaticViewsWithAnimations */ = {
			isa = PBXNativeTarget;
			buildConfigurationList = 28E68BFB1DC107EA00D74A16 /* Build configuration list for PBXNativeTarget "ProgrammaticViewsWithAnimations" */;
			buildPhases = (
				28E68BE51DC107EA00D74A16 /* Sources */,
				28E68BE61DC107EA00D74A16 /* Frameworks */,
				28E68BE71DC107EA00D74A16 /* Resources */,
			);
			buildRules = (
			);
			dependencies = (
			);
			name = ProgrammaticViewsWithAnimations;
			productName = ProgrammaticViewsWithAnimations;
			productReference = 28E68BE91DC107EA00D74A16 /* ProgrammaticViewsWithAnimations.app */;
			productType = "com.apple.product-type.application";
		};
/* End PBXNativeTarget section */

/* Begin PBXProject section */
		28E68BE11DC107EA00D74A16 /* Project object */ = {
			isa = PBXProject;
			attributes = {
				LastSwiftUpdateCheck = 0800;
				LastUpgradeCheck = 0800;
				ORGANIZATIONNAME = "Uldis Zingis";
				TargetAttributes = {
					28E68BE81DC107EA00D74A16 = {
						CreatedOnToolsVersion = 8.0;
						DevelopmentTeam = KNA8S759M5;
						ProvisioningStyle = Automatic;
					};
				};
			};
			buildConfigurationList = 28E68BE41DC107EA00D74A16 /* Build configuration list for PBXProject "ProgrammaticViewsWithAnimations" */;
			compatibilityVersion = "Xcode 3.2";
			developmentRegion = English;
			hasScannedForEncodings = 0;
			knownRegions = (
				en,
				Base,
			);
			mainGroup = 28E68BE01DC107EA00D74A16;
			productRefGroup = 28E68BEA1DC107EA00D74A16 /* Products */;
			projectDirPath = "";
			projectRoot = "";
			targets = (
				28E68BE81DC107EA00D74A16 /* ProgrammaticViewsWithAnimations */,
			);
		};
/* End PBXProject section */

/* Begin PBXResourcesBuildPhase section */
		28E68BE71DC107EA00D74A16 /* Resources */ = {
			isa = PBXResourcesBuildPhase;
			buildActionMask = 2147483647;
			files = (
				28E68BF71DC107EA00D74A16 /* LaunchScreen.storyboard in Resources */,
				28E68BF41DC107EA00D74A16 /* Assets.xcassets in Resources */,
				28E68BF21DC107EA00D74A16 /* Main.storyboard in Resources */,
			);
			runOnlyForDeploymentPostprocessing = 0;
		};
/* End PBXResourcesBuildPhase section */

/* Begin PBXSourcesBuildPhase section */
		28E68BE51DC107EA00D74A16 /* Sources */ = {
			isa = PBXSourcesBuildPhase;
			buildActionMask = 2147483647;
			files = (
				28E68BEF1DC107EA00D74A16 /* ViewController.swift in Sources */,
				28E68BED1DC107EA00D74A16 /* AppDelegate.swift in Sources */,
			);
			runOnlyForDeploymentPostprocessing = 0;
		};
/* End PBXSourcesBuildPhase section */

/* Begin PBXVariantGroup section */
		28E68BF01DC107EA00D74A16 /* Main.storyboard */ = {
			isa = PBXVariantGroup;
			children = (
				28E68BF11DC107EA00D74A16 /* Base */,
			);
			name = Main.storyboard;
			sourceTree = "<group>";
		};
		28E68BF51DC107EA00D74A16 /* LaunchScreen.storyboard */ = {
			isa = PBXVariantGroup;
			children = (
				28E68BF61DC107EA00D74A16 /* Base */,
			);
			name = LaunchScreen.storyboard;
			sourceTree = "<group>";
		};
/* End PBXVariantGroup section */

/* Begin XCBuildConfiguration section */
		28E68BF91DC107EA00D74A16 /* Debug */ = {
			isa = XCBuildConfiguration;
			buildSettings = {
				ALWAYS_SEARCH_USER_PATHS = NO;
				CLANG_ANALYZER_NONNULL = YES;
				CLANG_CXX_LANGUAGE_STANDARD = "gnu++0x";
				CLANG_CXX_LIBRARY = "libc++";
				CLANG_ENABLE_MODULES = YES;
				CLANG_ENABLE_OBJC_ARC = YES;
				CLANG_WARN_BOOL_CONVERSION = YES;
				CLANG_WARN_CONSTANT_CONVERSION = YES;
				CLANG_WARN_DIRECT_OBJC_ISA_USAGE = YES_ERROR;
				CLANG_WARN_DOCUMENTATION_COMMENTS = YES;
				CLANG_WARN_EMPTY_BODY = YES;
				CLANG_WARN_ENUM_CONVERSION = YES;
				CLANG_WARN_INFINITE_RECURSION = YES;
				CLANG_WARN_INT_CONVERSION = YES;
				CLANG_WARN_OBJC_ROOT_CLASS = YES_ERROR;
				CLANG_WARN_SUSPICIOUS_MOVES = YES;
				CLANG_WARN_UNREACHABLE_CODE = YES;
				CLANG_WARN__DUPLICATE_METHOD_MATCH = YES;
				"CODE_SIGN_IDENTITY[sdk=iphoneos*]" = "iPhone Developer";
				COPY_PHASE_STRIP = NO;
				DEBUG_INFORMATION_FORMAT = dwarf;
				ENABLE_STRICT_OBJC_MSGSEND = YES;
				ENABLE_TESTABILITY = YES;
				GCC_C_LANGUAGE_STANDARD = gnu99;
				GCC_DYNAMIC_NO_PIC = NO;
				GCC_NO_COMMON_BLOCKS = YES;
				GCC_OPTIMIZATION_LEVEL = 0;
				GCC_PREPROCESSOR_DEFINITIONS = (
					"DEBUG=1",
					"$(inherited)",
				);
				GCC_WARN_64_TO_32_BIT_CONVERSION = YES;
				GCC_WARN_ABOUT_RETURN_TYPE = YES_ERROR;
				GCC_WARN_UNDECLARED_SELECTOR = YES;
				GCC_WARN_UNINITIALIZED_AUTOS = YES_AGGRESSIVE;
				GCC_WARN_UNUSED_FUNCTION = YES;
				GCC_WARN_UNUSED_VARIABLE = YES;
				IPHONEOS_DEPLOYMENT_TARGET = 10.0;
				MTL_ENABLE_DEBUG_INFO = YES;
				ONLY_ACTIVE_ARCH = YES;
				SDKROOT = iphoneos;
				SWIFT_ACTIVE_COMPILATION_CONDITIONS = DEBUG;
				SWIFT_OPTIMIZATION_LEVEL = "-Onone";
				TARGETED_DEVICE_FAMILY = "1,2";
			};
			name = Debug;
		};
		28E68BFA1DC107EA00D74A16 /* Release */ = {
			isa = XCBuildConfiguration;
			buildSettings = {
				ALWAYS_SEARCH_USER_PATHS = NO;
				CLANG_ANALYZER_NONNULL = YES;
				CLANG_CXX_LANGUAGE_STANDARD = "gnu++0x";
				CLANG_CXX_LIBRARY = "libc++";
				CLANG_ENABLE_MODULES = YES;
				CLANG_ENABLE_OBJC_ARC = YES;
				CLANG_WARN_BOOL_CONVERSION = YES;
				CLANG_WARN_CONSTANT_CONVERSION = YES;
				CLANG_WARN_DIRECT_OBJC_ISA_USAGE = YES_ERROR;
				CLANG_WARN_DOCUMENTATION_COMMENTS = YES;
				CLANG_WARN_EMPTY_BODY = YES;
				CLANG_WARN_ENUM_CONVERSION = YES;
				CLANG_WARN_INFINITE_RECURSION = YES;
				CLANG_WARN_INT_CONVERSION = YES;
				CLANG_WARN_OBJC_ROOT_CLASS = YES_ERROR;
				CLANG_WARN_SUSPICIOUS_MOVES = YES;
				CLANG_WARN_UNREACHABLE_CODE = YES;
				CLANG_WARN__DUPLICATE_METHOD_MATCH = YES;
				"CODE_SIGN_IDENTITY[sdk=iphoneos*]" = "iPhone Developer";
				COPY_PHASE_STRIP = NO;
				DEBUG_INFORMATION_FORMAT = "dwarf-with-dsym";
				ENABLE_NS_ASSERTIONS = NO;
				ENABLE_STRICT_OBJC_MSGSEND = YES;
				GCC_C_LANGUAGE_STANDARD = gnu99;
				GCC_NO_COMMON_BLOCKS = YES;
				GCC_WARN_64_TO_32_BIT_CONVERSION = YES;
				GCC_WARN_ABOUT_RETURN_TYPE = YES_ERROR;
				GCC_WARN_UNDECLARED_SELECTOR = YES;
				GCC_WARN_UNINITIALIZED_AUTOS = YES_AGGRESSIVE;
				GCC_WARN_UNUSED_FUNCTION = YES;
				GCC_WARN_UNUSED_VARIABLE = YES;
				IPHONEOS_DEPLOYMENT_TARGET = 10.0;
				MTL_ENABLE_DEBUG_INFO = NO;
				SDKROOT = iphoneos;
				SWIFT_OPTIMIZATION_LEVEL = "-Owholemodule";
				TARGETED_DEVICE_FAMILY = "1,2";
				VALIDATE_PRODUCT = YES;
			};
			name = Release;
		};
		28E68BFC1DC107EA00D74A16 /* Debug */ = {
			isa = XCBuildConfiguration;
			buildSettings = {
				ASSETCATALOG_COMPILER_APPICON_NAME = AppIcon;
				DEVELOPMENT_TEAM = KNA8S759M5;
				INFOPLIST_FILE = ProgrammaticViewsWithAnimations/Info.plist;
				LD_RUNPATH_SEARCH_PATHS = "$(inherited) @executable_path/Frameworks";
				PRODUCT_BUNDLE_IDENTIFIER = uldis.zingis.ProgrammaticViewsWithAnimations;
				PRODUCT_NAME = "$(TARGET_NAME)";
				SWIFT_VERSION = 3.0;
			};
			name = Debug;
		};
		28E68BFD1DC107EA00D74A16 /* Release */ = {
			isa = XCBuildConfiguration;
			buildSettings = {
				ASSETCATALOG_COMPILER_APPICON_NAME = AppIcon;
				DEVELOPMENT_TEAM = KNA8S759M5;
				INFOPLIST_FILE = ProgrammaticViewsWithAnimations/Info.plist;
				LD_RUNPATH_SEARCH_PATHS = "$(inherited) @executable_path/Frameworks";
				PRODUCT_BUNDLE_IDENTIFIER = uldis.zingis.ProgrammaticViewsWithAnimations;
				PRODUCT_NAME = "$(TARGET_NAME)";
				SWIFT_VERSION = 3.0;
			};
			name = Release;
		};
/* End XCBuildConfiguration section */

/* Begin XCConfigurationList section */
		28E68BE41DC107EA00D74A16 /* Build configuration list for PBXProject "ProgrammaticViewsWithAnimations" */ = {
			isa = XCConfigurationList;
			buildConfigurations = (
				28E68BF91DC107EA00D74A16 /* Debug */,
				28E68BFA1DC107EA00D74A16 /* Release */,
			);
			defaultConfigurationIsVisible = 0;
			defaultConfigurationName = Release;
		};
		28E68BFB1DC107EA00D74A16 /* Build configuration list for PBXNativeTarget "ProgrammaticViewsWithAnimations" */ = {
			isa = XCConfigurationList;
			buildConfigurations = (
				28E68BFC1DC107EA00D74A16 /* Debug */,
				28E68BFD1DC107EA00D74A16 /* Release */,
			);
			defaultConfigurationIsVisible = 0;
		};
/* End XCConfigurationList section */
	};
	rootObject = 28E68BE11DC107EA00D74A16 /* Project object */;
}
